
Microsoft Visual Studio Solution File, Format Version 12.00
# Visual Studio Version 17
VisualStudioVersion = 17.5.33502.453
MinimumVisualStudioVersion = 10.0.40219.1
Project("{2150E333-8FDC-42A3-9474-1A3956D46DE8}") = "01_Ders", "01_Ders", "{8AC8CDEA-6EC7-47D3-B4B5-895290AABE32}"
EndProject
Project("{2150E333-8FDC-42A3-9474-1A3956D46DE8}") = "MyDataStructures", "MyDataStructures", "{2E1D7594-75DF-407A-A019-CF3F372A4376}"
EndProject
Project("{FAE04EC0-301F-11D3-BF4B-00C04F79EFBC}") = "Koleksiyonlar_Diziler_Giris", "Koleksiyonlar_Diziler\Koleksiyonlar_Diziler_Giris.csproj", "{CFAA84BB-7E4B-4F98-A866-6A4C4ADA0467}"
EndProject
Project("{FAE04EC0-301F-11D3-BF4B-00C04F79EFBC}") = "MyDataStructures", "MyDataStructures\MyDataStructures.csproj", "{D8CC3FF2-34B0-4829-BBA2-268C1311BE81}"
EndProject
Project("{2150E333-8FDC-42A3-9474-1A3956D46DE8}") = "02_Ders", "02_Ders", "{A9E4729A-95A1-4F31-BABE-BE04FDFEA852}"
EndProject
Project("{FAE04EC0-301F-11D3-BF4B-00C04F79EFBC}") = "Koleksiyonlar", "Koleksiyonlar\Koleksiyonlar.csproj", "{FE23F02D-31AB-439F-8969-063C490C2042}"
EndProject
Global
	GlobalSection(SolutionConfigurationPlatforms) = preSolution
		Debug|Any CPU = Debug|Any CPU
		Release|Any CPU = Release|Any CPU
	EndGlobalSection
	GlobalSection(ProjectConfigurationPlatforms) = postSolution
		{CFAA84BB-7E4B-4F98-A866-6A4C4ADA0467}.Debug|Any CPU.ActiveCfg = Debug|Any CPU
		{CFAA84BB-7E4B-4F98-A866-6A4C4ADA0467}.Debug|Any CPU.Build.0 = Debug|Any CPU
		{CFAA84BB-7E4B-4F98-A866-6A4C4ADA0467}.Release|Any CPU.ActiveCfg = Release|Any CPU
		{CFAA84BB-7E4B-4F98-A866-6A4C4ADA0467}.Release|Any CPU.Build.0 = Release|Any CPU
		{D8CC3FF2-34B0-4829-BBA2-268C1311BE81}.Debug|Any CPU.ActiveCfg = Debug|Any CPU
		{D8CC3FF2-34B0-4829-BBA2-268C1311BE81}.Debug|Any CPU.Build.0 = Debug|Any CPU
		{D8CC3FF2-34B0-4829-BBA2-268C1311BE81}.Release|Any CPU.ActiveCfg = Release|Any CPU
		{D8CC3FF2-34B0-4829-BBA2-268C1311BE81}.Release|Any CPU.Build.0 = Release|Any CPU
		{FE23F02D-31AB-439F-8969-063C490C2042}.Debug|Any CPU.ActiveCfg = Debug|Any CPU
		{FE23F02D-31AB-439F-8969-063C490C2042}.Debug|Any CPU.Build.0 = Debug|Any CPU
		{FE23F02D-31AB-439F-8969-063C490C2042}.Release|Any CPU.ActiveCfg = Release|Any CPU
		{FE23F02D-31AB-439F-8969-063C490C2042}.Release|Any CPU.Build.0 = Release|Any CPU
	EndGlobalSection
	GlobalSection(SolutionProperties) = preSolution
		HideSolutionNode = FALSE
	EndGlobalSection
	GlobalSection(NestedProjects) = preSolution
		{CFAA84BB-7E4B-4F98-A866-6A4C4ADA0467} = {8AC8CDEA-6EC7-47D3-B4B5-895290AABE32}
		{D8CC3FF2-34B0-4829-BBA2-268C1311BE81} = {2E1D7594-75DF-407A-A019-CF3F372A4376}
		{FE23F02D-31AB-439F-8969-063C490C2042} = {A9E4729A-95A1-4F31-BABE-BE04FDFEA852}
	EndGlobalSection
	GlobalSection(ExtensibilityGlobals) = postSolution
		SolutionGuid = {04D61188-C1D4-4919-8AD6-525DA948B9D5}
	EndGlobalSection
EndGlobal
